
Microsoft Visual Studio Solution File, Format Version 12.00
# Visual Studio Version 17
VisualStudioVersion = 17.6.33815.320
MinimumVisualStudioVersion = 10.0.40219.1
Project("{9A19103F-16F7-4668-BE54-9A1E7A4F7556}") = "QimiaSchool", "QimiaSchool\QimiaSchool.csproj", "{BCD7347A-D04E-4D44-97C7-826CFB01DD7D}"
EndProject
Project("{9A19103F-16F7-4668-BE54-9A1E7A4F7556}") = "QimiaSchool.DataAccess", "QimiaSchool.DataAccess\QimiaSchool.DataAccess.csproj", "{9D97ED29-FAA2-4B42-9D23-027D7F9BF120}"
EndProject
Project("{9A19103F-16F7-4668-BE54-9A1E7A4F7556}") = "QimiaSchool.Business", "QimiaSchool.Business\QimiaSchool.Business.csproj", "{95F5B1E4-ED5B-44E0-B31F-EF5B2647C410}"
EndProject
Project("{9A19103F-16F7-4668-BE54-9A1E7A4F7556}") = "QimiaSchool.Business.UnitTests", "QimiaSchool.Business.UnitTests\QimiaSchool.Business.UnitTests.csproj", "{66082358-5D84-493B-BA1B-229A78B1C3D0}"
EndProject
Project("{2150E333-8FDC-42A3-9474-1A3956D46DE8}") = "ELK", "ELK", "{0F5E040D-51D1-4A57-8233-BEFD332F53F0}"
	ProjectSection(SolutionItems) = preProject
		docker-compose.yml = docker-compose.yml
	EndProjectSection
EndProject
Project("{FAE04EC0-301F-11D3-BF4B-00C04F79EFBC}") = "QimiaSchool.IntegrationTests", "QimiaSchool.IntegrationTests\QimiaSchool.IntegrationTests.csproj", "{429130FE-6364-4972-9AC4-21584FF5BBB7}"
EndProject
Global
	GlobalSection(SolutionConfigurationPlatforms) = preSolution
		Debug|Any CPU = Debug|Any CPU
		Release|Any CPU = Release|Any CPU
	EndGlobalSection
	GlobalSection(ProjectConfigurationPlatforms) = postSolution
		{BCD7347A-D04E-4D44-97C7-826CFB01DD7D}.Debug|Any CPU.ActiveCfg = Debug|Any CPU
		{BCD7347A-D04E-4D44-97C7-826CFB01DD7D}.Debug|Any CPU.Build.0 = Debug|Any CPU
		{BCD7347A-D04E-4D44-97C7-826CFB01DD7D}.Release|Any CPU.ActiveCfg = Release|Any CPU
		{BCD7347A-D04E-4D44-97C7-826CFB01DD7D}.Release|Any CPU.Build.0 = Release|Any CPU
		{9D97ED29-FAA2-4B42-9D23-027D7F9BF120}.Debug|Any CPU.ActiveCfg = Debug|Any CPU
		{9D97ED29-FAA2-4B42-9D23-027D7F9BF120}.Debug|Any CPU.Build.0 = Debug|Any CPU
		{9D97ED29-FAA2-4B42-9D23-027D7F9BF120}.Release|Any CPU.ActiveCfg = Release|Any CPU
		{9D97ED29-FAA2-4B42-9D23-027D7F9BF120}.Release|Any CPU.Build.0 = Release|Any CPU
		{95F5B1E4-ED5B-44E0-B31F-EF5B2647C410}.Debug|Any CPU.ActiveCfg = Debug|Any CPU
		{95F5B1E4-ED5B-44E0-B31F-EF5B2647C410}.Debug|Any CPU.Build.0 = Debug|Any CPU
		{95F5B1E4-ED5B-44E0-B31F-EF5B2647C410}.Release|Any CPU.ActiveCfg = Release|Any CPU
		{95F5B1E4-ED5B-44E0-B31F-EF5B2647C410}.Release|Any CPU.Build.0 = Release|Any CPU
		{66082358-5D84-493B-BA1B-229A78B1C3D0}.Debug|Any CPU.ActiveCfg = Debug|Any CPU
		{66082358-5D84-493B-BA1B-229A78B1C3D0}.Debug|Any CPU.Build.0 = Debug|Any CPU
		{66082358-5D84-493B-BA1B-229A78B1C3D0}.Release|Any CPU.ActiveCfg = Release|Any CPU
		{66082358-5D84-493B-BA1B-229A78B1C3D0}.Release|Any CPU.Build.0 = Release|Any CPU
		{429130FE-6364-4972-9AC4-21584FF5BBB7}.Debug|Any CPU.ActiveCfg = Debug|Any CPU
		{429130FE-6364-4972-9AC4-21584FF5BBB7}.Debug|Any CPU.Build.0 = Debug|Any CPU
		{429130FE-6364-4972-9AC4-21584FF5BBB7}.Release|Any CPU.ActiveCfg = Release|Any CPU
		{429130FE-6364-4972-9AC4-21584FF5BBB7}.Release|Any CPU.Build.0 = Release|Any CPU
	EndGlobalSection
	GlobalSection(SolutionProperties) = preSolution
		HideSolutionNode = FALSE
	EndGlobalSection
	GlobalSection(ExtensibilityGlobals) = postSolution
		SolutionGuid = {0CEAF7B7-0F38-416B-AC6D-1732EEC506A2}
	EndGlobalSection
EndGlobal
